
Microsoft Visual Studio Solution File, Format Version 12.00
# Visual Studio Version 17
VisualStudioVersion = 17.9.34728.123
MinimumVisualStudioVersion = 10.0.40219.1
Project("{FAE04EC0-301F-11D3-BF4B-00C04F79EFBC}") = "EquationSolver", "EquationSolver\EquationSolver.csproj", "{4F057701-3B3C-45DF-AF3D-BADBCCC1B8B1}"
EndProject
Project("{FAE04EC0-301F-11D3-BF4B-00C04F79EFBC}") = "MathLibrary", "MathLibrary\MathLibrary.csproj", "{2C5D5C07-AE46-4893-84E5-F919FE274D26}"
EndProject
Project("{FAE04EC0-301F-11D3-BF4B-00C04F79EFBC}") = "EquationInputter", "EquationInputter\EquationInputter.csproj", "{B44C9F28-2312-4CE8-9920-EE469E2A1F62}"
EndProject
Global
	GlobalSection(SolutionConfigurationPlatforms) = preSolution
		Debug|Any CPU = Debug|Any CPU
		Release|Any CPU = Release|Any CPU
	EndGlobalSection
	GlobalSection(ProjectConfigurationPlatforms) = postSolution
		{4F057701-3B3C-45DF-AF3D-BADBCCC1B8B1}.Debug|Any CPU.ActiveCfg = Debug|Any CPU
		{4F057701-3B3C-45DF-AF3D-BADBCCC1B8B1}.Debug|Any CPU.Build.0 = Debug|Any CPU
		{4F057701-3B3C-45DF-AF3D-BADBCCC1B8B1}.Release|Any CPU.ActiveCfg = Release|Any CPU
		{4F057701-3B3C-45DF-AF3D-BADBCCC1B8B1}.Release|Any CPU.Build.0 = Release|Any CPU
		{2C5D5C07-AE46-4893-84E5-F919FE274D26}.Debug|Any CPU.ActiveCfg = Debug|Any CPU
		{2C5D5C07-AE46-4893-84E5-F919FE274D26}.Debug|Any CPU.Build.0 = Debug|Any CPU
		{2C5D5C07-AE46-4893-84E5-F919FE274D26}.Release|Any CPU.ActiveCfg = Release|Any CPU
		{2C5D5C07-AE46-4893-84E5-F919FE274D26}.Release|Any CPU.Build.0 = Release|Any CPU
		{B44C9F28-2312-4CE8-9920-EE469E2A1F62}.Debug|Any CPU.ActiveCfg = Debug|Any CPU
		{B44C9F28-2312-4CE8-9920-EE469E2A1F62}.Debug|Any CPU.Build.0 = Debug|Any CPU
		{B44C9F28-2312-4CE8-9920-EE469E2A1F62}.Release|Any CPU.ActiveCfg = Release|Any CPU
		{B44C9F28-2312-4CE8-9920-EE469E2A1F62}.Release|Any CPU.Build.0 = Release|Any CPU
	EndGlobalSection
	GlobalSection(SolutionProperties) = preSolution
		HideSolutionNode = FALSE
	EndGlobalSection
	GlobalSection(ExtensibilityGlobals) = postSolution
		SolutionGuid = {5A891900-A569-4D71-B28E-5C696AED17ED}
	EndGlobalSection
EndGlobal
